
Microsoft Visual Studio Solution File, Format Version 12.00
# Visual Studio Version 17
VisualStudioVersion = 17.14.36212.18 d17.14
MinimumVisualStudioVersion = 10.0.40219.1
Project("{FAE04EC0-301F-11D3-BF4B-00C04F79EFBC}") = "Knowledge-Center-API", "Knowledge-Center-API.csproj", "{587E8CF4-0972-4477-80B2-E75D1B0CBE91}"
EndProject
Global
	GlobalSection(SolutionConfigurationPlatforms) = preSolution
		Debug|Any CPU = Debug|Any CPU
		Release|Any CPU = Release|Any CPU
	EndGlobalSection
	GlobalSection(ProjectConfigurationPlatforms) = postSolution
		{587E8CF4-0972-4477-80B2-E75D1B0CBE91}.Debug|Any CPU.ActiveCfg = Debug|Any CPU
		{587E8CF4-0972-4477-80B2-E75D1B0CBE91}.Debug|Any CPU.Build.0 = Debug|Any CPU
		{587E8CF4-0972-4477-80B2-E75D1B0CBE91}.Release|Any CPU.ActiveCfg = Release|Any CPU
		{587E8CF4-0972-4477-80B2-E75D1B0CBE91}.Release|Any CPU.Build.0 = Release|Any CPU
	EndGlobalSection
	GlobalSection(SolutionProperties) = preSolution
		HideSolutionNode = FALSE
	EndGlobalSection
	GlobalSection(ExtensibilityGlobals) = postSolution
		SolutionGuid = {11E9BC7F-62FF-4C26-93DE-6DD2CB8C3605}
	EndGlobalSection
EndGlobal
